
Microsoft Visual Studio Solution File, Format Version 12.00
# Visual Studio 2012
Project("{FAE04EC0-301F-11D3-BF4B-00C04F79EFBC}") = "Radio_Button", "Radio_Button\Radio_Button.csproj", "{48BBADBF-CA16-4080-A641-D2A7973B54CC}"
EndProject
Global
	GlobalSection(SolutionConfigurationPlatforms) = preSolution
		Debug|Any CPU = Debug|Any CPU
		Release|Any CPU = Release|Any CPU
	EndGlobalSection
	GlobalSection(ProjectConfigurationPlatforms) = postSolution
		{48BBADBF-CA16-4080-A641-D2A7973B54CC}.Debug|Any CPU.ActiveCfg = Debug|Any CPU
		{48BBADBF-CA16-4080-A641-D2A7973B54CC}.Debug|Any CPU.Build.0 = Debug|Any CPU
		{48BBADBF-CA16-4080-A641-D2A7973B54CC}.Release|Any CPU.ActiveCfg = Release|Any CPU
		{48BBADBF-CA16-4080-A641-D2A7973B54CC}.Release|Any CPU.Build.0 = Release|Any CPU
	EndGlobalSection
	GlobalSection(SolutionProperties) = preSolution
		HideSolutionNode = FALSE
	EndGlobalSection
EndGlobal
