
Microsoft Visual Studio Solution File, Format Version 12.00
# Visual Studio 2012
Project("{FAE04EC0-301F-11D3-BF4B-00C04F79EFBC}") = "WindowsFormsApplication1", "WindowsFormsApplication1\WindowsFormsApplication1.csproj", "{DFBE3AF7-FBD1-4747-9C0B-60F76EEF398B}"
EndProject
Global
	GlobalSection(SolutionConfigurationPlatforms) = preSolution
		Debug|Any CPU = Debug|Any CPU
		Release|Any CPU = Release|Any CPU
	EndGlobalSection
	GlobalSection(ProjectConfigurationPlatforms) = postSolution
		{DFBE3AF7-FBD1-4747-9C0B-60F76EEF398B}.Debug|Any CPU.ActiveCfg = Debug|Any CPU
		{DFBE3AF7-FBD1-4747-9C0B-60F76EEF398B}.Debug|Any CPU.Build.0 = Debug|Any CPU
		{DFBE3AF7-FBD1-4747-9C0B-60F76EEF398B}.Release|Any CPU.ActiveCfg = Release|Any CPU
		{DFBE3AF7-FBD1-4747-9C0B-60F76EEF398B}.Release|Any CPU.Build.0 = Release|Any CPU
	EndGlobalSection
	GlobalSection(SolutionProperties) = preSolution
		HideSolutionNode = FALSE
	EndGlobalSection
EndGlobal
